// !$*UTF8*$!
{
	archiveVersion = 1;
	classes = {
	};
	objectVersion = 46;
	objects = {

/* Begin PBXBuildFile section */
		2A6B9E001E692FCE00D62D10 /* main.m in Sources */ = {isa = PBXBuildFile; fileRef = 2A6B9DFF1E692FCE00D62D10 /* main.m */; };
		2A6B9E031E692FCE00D62D10 /* AppDelegate.m in Sources */ = {isa = PBXBuildFile; fileRef = 2A6B9E021E692FCE00D62D10 /* AppDelegate.m */; };
		2A6B9E061E692FCE00D62D10 /* ViewController.m in Sources */ = {isa = PBXBuildFile; fileRef = 2A6B9E051E692FCE00D62D10 /* ViewController.m */; };
		2A6B9E091E692FCE00D62D10 /* Main.storyboard in Resources */ = {isa = PBXBuildFile; fileRef = 2A6B9E071E692FCE00D62D10 /* Main.storyboard */; };
		2A6B9E0B1E692FCE00D62D10 /* Assets.xcassets in Resources */ = {isa = PBXBuildFile; fileRef = 2A6B9E0A1E692FCE00D62D10 /* Assets.xcassets */; };
		2A6B9E0E1E692FCE00D62D10 /* LaunchScreen.storyboard in Resources */ = {isa = PBXBuildFile; fileRef = 2A6B9E0C1E692FCE00D62D10 /* LaunchScreen.storyboard */; };
		2A6B9E181E69306B00D62D10 /* UIView+BL.m in Sources */ = {isa = PBXBuildFile; fileRef = 2A6B9E171E69306B00D62D10 /* UIView+BL.m */; };
		2A6B9E1B1E6930BF00D62D10 /* Common.m in Sources */ = {isa = PBXBuildFile; fileRef = 2A6B9E1A1E6930BF00D62D10 /* Common.m */; };
		2A6B9E1D1E69323A00D62D10 /* BLExtension.bundle in Resources */ = {isa = PBXBuildFile; fileRef = 2A6B9E1C1E69323A00D62D10 /* BLExtension.bundle */; };
/* End PBXBuildFile section */

/* Begin PBXFileReference section */
		2A6B9DFB1E692FCE00D62D10 /* BLExtension.app */ = {isa = PBXFileReference; explicitFileType = wrapper.application; includeInIndex = 0; path = BLExtension.app; sourceTree = BUILT_PRODUCTS_DIR; };
		2A6B9DFF1E692FCE00D62D10 /* main.m */ = {isa = PBXFileReference; lastKnownFileType = sourcecode.c.objc; path = main.m; sourceTree = "<group>"; };
		2A6B9E011E692FCE00D62D10 /* AppDelegate.h */ = {isa = PBXFileReference; lastKnownFileType = sourcecode.c.h; path = AppDelegate.h; sourceTree = "<group>"; };
		2A6B9E021E692FCE00D62D10 /* AppDelegate.m */ = {isa = PBXFileReference; lastKnownFileType = sourcecode.c.objc; path = AppDelegate.m; sourceTree = "<group>"; };
		2A6B9E041E692FCE00D62D10 /* ViewController.h */ = {isa = PBXFileReference; lastKnownFileType = sourcecode.c.h; path = ViewController.h; sourceTree = "<group>"; };
		2A6B9E051E692FCE00D62D10 /* ViewController.m */ = {isa = PBXFileReference; lastKnownFileType = sourcecode.c.objc; path = ViewController.m; sourceTree = "<group>"; };
		2A6B9E081E692FCE00D62D10 /* Base */ = {isa = PBXFileReference; lastKnownFileType = file.storyboard; name = Base; path = Base.lproj/Main.storyboard; sourceTree = "<group>"; };
		2A6B9E0A1E692FCE00D62D10 /* Assets.xcassets */ = {isa = PBXFileReference; lastKnownFileType = folder.assetcatalog; path = Assets.xcassets; sourceTree = "<group>"; };
		2A6B9E0D1E692FCE00D62D10 /* Base */ = {isa = PBXFileReference; lastKnownFileType = file.storyboard; name = Base; path = Base.lproj/LaunchScreen.storyboard; sourceTree = "<group>"; };
		2A6B9E0F1E692FCE00D62D10 /* Info.plist */ = {isa = PBXFileReference; lastKnownFileType = text.plist.xml; path = Info.plist; sourceTree = "<group>"; };
		2A6B9E161E69306B00D62D10 /* UIView+BL.h */ = {isa = PBXFileReference; fileEncoding = 4; lastKnownFileType = sourcecode.c.h; path = "UIView+BL.h"; sourceTree = "<group>"; };
		2A6B9E171E69306B00D62D10 /* UIView+BL.m */ = {isa = PBXFileReference; fileEncoding = 4; lastKnownFileType = sourcecode.c.objc; path = "UIView+BL.m"; sourceTree = "<group>"; };
		2A6B9E191E6930BF00D62D10 /* Common.h */ = {isa = PBXFileReference; fileEncoding = 4; lastKnownFileType = sourcecode.c.h; path = Common.h; sourceTree = "<group>"; };
		2A6B9E1A1E6930BF00D62D10 /* Common.m */ = {isa = PBXFileReference; fileEncoding = 4; lastKnownFileType = sourcecode.c.objc; path = Common.m; sourceTree = "<group>"; };
		2A6B9E1C1E69323A00D62D10 /* BLExtension.bundle */ = {isa = PBXFileReference; lastKnownFileType = "wrapper.plug-in"; path = BLExtension.bundle; sourceTree = "<group>"; };
/* End PBXFileReference section */

/* Begin PBXFrameworksBuildPhase section */
		2A6B9DF81E692FCE00D62D10 /* Frameworks */ = {
			isa = PBXFrameworksBuildPhase;
			buildActionMask = 2147483647;
			files = (
			);
			runOnlyForDeploymentPostprocessing = 0;
		};
/* End PBXFrameworksBuildPhase section */

/* Begin PBXGroup section */
		2A6B9DF21E692FCE00D62D10 = {
			isa = PBXGroup;
			children = (
				2A6B9DFD1E692FCE00D62D10 /* BLExtension */,
				2A6B9DFC1E692FCE00D62D10 /* Products */,
			);
			sourceTree = "<group>";
		};
		2A6B9DFC1E692FCE00D62D10 /* Products */ = {
			isa = PBXGroup;
			children = (
				2A6B9DFB1E692FCE00D62D10 /* BLExtension.app */,
			);
			name = Products;
			sourceTree = "<group>";
		};
		2A6B9DFD1E692FCE00D62D10 /* BLExtension */ = {
			isa = PBXGroup;
			children = (
				2A6B9E011E692FCE00D62D10 /* AppDelegate.h */,
				2A6B9E021E692FCE00D62D10 /* AppDelegate.m */,
				2A6B9E041E692FCE00D62D10 /* ViewController.h */,
				2A6B9E051E692FCE00D62D10 /* ViewController.m */,
				2A6B9E151E69300600D62D10 /* Extensions */,
				2A6B9E071E692FCE00D62D10 /* Main.storyboard */,
				2A6B9E0A1E692FCE00D62D10 /* Assets.xcassets */,
				2A6B9E0C1E692FCE00D62D10 /* LaunchScreen.storyboard */,
				2A6B9E0F1E692FCE00D62D10 /* Info.plist */,
				2A6B9DFE1E692FCE00D62D10 /* Supporting Files */,
			);
			path = BLExtension;
			sourceTree = "<group>";
		};
		2A6B9DFE1E692FCE00D62D10 /* Supporting Files */ = {
			isa = PBXGroup;
			children = (
				2A6B9DFF1E692FCE00D62D10 /* main.m */,
			);
			name = "Supporting Files";
			sourceTree = "<group>";
		};
		2A6B9E151E69300600D62D10 /* Extensions */ = {
			isa = PBXGroup;
			children = (
				2A6B9E191E6930BF00D62D10 /* Common.h */,
				2A6B9E1A1E6930BF00D62D10 /* Common.m */,
				2A6B9E161E69306B00D62D10 /* UIView+BL.h */,
				2A6B9E171E69306B00D62D10 /* UIView+BL.m */,
				2A6B9E1C1E69323A00D62D10 /* BLExtension.bundle */,
			);
			path = Extensions;
			sourceTree = "<group>";
		};
/* End PBXGroup section */

/* Begin PBXNativeTarget section */
		2A6B9DFA1E692FCE00D62D10 /* BLExtension */ = {
			isa = PBXNativeTarget;
			buildConfigurationList = 2A6B9E121E692FCE00D62D10 /* Build configuration list for PBXNativeTarget "BLExtension" */;
			buildPhases = (
				2A6B9DF71E692FCE00D62D10 /* Sources */,
				2A6B9DF81E692FCE00D62D10 /* Frameworks */,
				2A6B9DF91E692FCE00D62D10 /* Resources */,
			);
			buildRules = (
			);
			dependencies = (
			);
			name = BLExtension;
			productName = BLExtension;
			productReference = 2A6B9DFB1E692FCE00D62D10 /* BLExtension.app */;
			productType = "com.apple.product-type.application";
		};
/* End PBXNativeTarget section */

/* Begin PBXProject section */
		2A6B9DF31E692FCE00D62D10 /* Project object */ = {
			isa = PBXProject;
			attributes = {
				LastUpgradeCheck = 0820;
				ORGANIZATIONNAME = Bluelich;
				TargetAttributes = {
					2A6B9DFA1E692FCE00D62D10 = {
						CreatedOnToolsVersion = 8.2.1;
						DevelopmentTeam = K85X9AAEPA;
						ProvisioningStyle = Automatic;
					};
				};
			};
			buildConfigurationList = 2A6B9DF61E692FCE00D62D10 /* Build configuration list for PBXProject "BLExtension" */;
			compatibilityVersion = "Xcode 3.2";
			developmentRegion = English;
			hasScannedForEncodings = 0;
			knownRegions = (
				en,
				Base,
			);
			mainGroup = 2A6B9DF21E692FCE00D62D10;
			productRefGroup = 2A6B9DFC1E692FCE00D62D10 /* Products */;
			projectDirPath = "";
			projectRoot = "";
			targets = (
				2A6B9DFA1E692FCE00D62D10 /* BLExtension */,
			);
		};
/* End PBXProject section */

/* Begin PBXResourcesBuildPhase section */
		2A6B9DF91E692FCE00D62D10 /* Resources */ = {
			isa = PBXResourcesBuildPhase;
			buildActionMask = 2147483647;
			files = (
				2A6B9E0E1E692FCE00D62D10 /* LaunchScreen.storyboard in Resources */,
				2A6B9E1D1E69323A00D62D10 /* BLExtension.bundle in Resources */,
				2A6B9E0B1E692FCE00D62D10 /* Assets.xcassets in Resources */,
				2A6B9E091E692FCE00D62D10 /* Main.storyboard in Resources */,
			);
			runOnlyForDeploymentPostprocessing = 0;
		};
/* End PBXResourcesBuildPhase section */

/* Begin PBXSourcesBuildPhase section */
		2A6B9DF71E692FCE00D62D10 /* Sources */ = {
			isa = PBXSourcesBuildPhase;
			buildActionMask = 2147483647;
			files = (
				2A6B9E181E69306B00D62D10 /* UIView+BL.m in Sources */,
				2A6B9E061E692FCE00D62D10 /* ViewController.m in Sources */,
				2A6B9E1B1E6930BF00D62D10 /* Common.m in Sources */,
				2A6B9E031E692FCE00D62D10 /* AppDelegate.m in Sources */,
				2A6B9E001E692FCE00D62D10 /* main.m in Sources */,
			);
			runOnlyForDeploymentPostprocessing = 0;
		};
/* End PBXSourcesBuildPhase section */

/* Begin PBXVariantGroup section */
		2A6B9E071E692FCE00D62D10 /* Main.storyboard */ = {
			isa = PBXVariantGroup;
			children = (
				2A6B9E081E692FCE00D62D10 /* Base */,
			);
			name = Main.storyboard;
			sourceTree = "<group>";
		};
		2A6B9E0C1E692FCE00D62D10 /* LaunchScreen.storyboard */ = {
			isa = PBXVariantGroup;
			children = (
				2A6B9E0D1E692FCE00D62D10 /* Base */,
			);
			name = LaunchScreen.storyboard;
			sourceTree = "<group>";
		};
/* End PBXVariantGroup section */

/* Begin XCBuildConfiguration section */
		2A6B9E101E692FCE00D62D10 /* Debug */ = {
			isa = XCBuildConfiguration;
			buildSettings = {
				ALWAYS_SEARCH_USER_PATHS = NO;
				CLANG_ANALYZER_NONNULL = YES;
				CLANG_CXX_LANGUAGE_STANDARD = "gnu++0x";
				CLANG_CXX_LIBRARY = "libc++";
				CLANG_ENABLE_MODULES = YES;
				CLANG_ENABLE_OBJC_ARC = YES;
				CLANG_WARN_BOOL_CONVERSION = YES;
				CLANG_WARN_CONSTANT_CONVERSION = YES;
				CLANG_WARN_DIRECT_OBJC_ISA_USAGE = YES_ERROR;
				CLANG_WARN_DOCUMENTATION_COMMENTS = YES;
				CLANG_WARN_EMPTY_BODY = YES;
				CLANG_WARN_ENUM_CONVERSION = YES;
				CLANG_WARN_INFINITE_RECURSION = YES;
				CLANG_WARN_INT_CONVERSION = YES;
				CLANG_WARN_OBJC_ROOT_CLASS = YES_ERROR;
				CLANG_WARN_SUSPICIOUS_MOVE = YES;
				CLANG_WARN_UNREACHABLE_CODE = YES;
				CLANG_WARN__DUPLICATE_METHOD_MATCH = YES;
				"CODE_SIGN_IDENTITY[sdk=iphoneos*]" = "iPhone Developer";
				COPY_PHASE_STRIP = NO;
				DEBUG_INFORMATION_FORMAT = dwarf;
				ENABLE_STRICT_OBJC_MSGSEND = YES;
				ENABLE_TESTABILITY = YES;
				GCC_C_LANGUAGE_STANDARD = gnu99;
				GCC_DYNAMIC_NO_PIC = NO;
				GCC_NO_COMMON_BLOCKS = YES;
				GCC_OPTIMIZATION_LEVEL = 0;
				GCC_PREPROCESSOR_DEFINITIONS = (
					"DEBUG=1",
					"$(inherited)",
				);
				GCC_WARN_64_TO_32_BIT_CONVERSION = YES;
				GCC_WARN_ABOUT_RETURN_TYPE = YES_ERROR;
				GCC_WARN_UNDECLARED_SELECTOR = YES;
				GCC_WARN_UNINITIALIZED_AUTOS = YES_AGGRESSIVE;
				GCC_WARN_UNUSED_FUNCTION = YES;
				GCC_WARN_UNUSED_VARIABLE = YES;
				IPHONEOS_DEPLOYMENT_TARGET = 10.2;
				MTL_ENABLE_DEBUG_INFO = YES;
				ONLY_ACTIVE_ARCH = YES;
				SDKROOT = iphoneos;
				TARGETED_DEVICE_FAMILY = "1,2";
			};
			name = Debug;
		};
		2A6B9E111E692FCE00D62D10 /* Release */ = {
			isa = XCBuildConfiguration;
			buildSettings = {
				ALWAYS_SEARCH_USER_PATHS = NO;
				CLANG_ANALYZER_NONNULL = YES;
				CLANG_CXX_LANGUAGE_STANDARD = "gnu++0x";
				CLANG_CXX_LIBRARY = "libc++";
				CLANG_ENABLE_MODULES = YES;
				CLANG_ENABLE_OBJC_ARC = YES;
				CLANG_WARN_BOOL_CONVERSION = YES;
				CLANG_WARN_CONSTANT_CONVERSION = YES;
				CLANG_WARN_DIRECT_OBJC_ISA_USAGE = YES_ERROR;
				CLANG_WARN_DOCUMENTATION_COMMENTS = YES;
				CLANG_WARN_EMPTY_BODY = YES;
				CLANG_WARN_ENUM_CONVERSION = YES;
				CLANG_WARN_INFINITE_RECURSION = YES;
				CLANG_WARN_INT_CONVERSION = YES;
				CLANG_WARN_OBJC_ROOT_CLASS = YES_ERROR;
				CLANG_WARN_SUSPICIOUS_MOVE = YES;
				CLANG_WARN_UNREACHABLE_CODE = YES;
				CLANG_WARN__DUPLICATE_METHOD_MATCH = YES;
				"CODE_SIGN_IDENTITY[sdk=iphoneos*]" = "iPhone Developer";
				COPY_PHASE_STRIP = NO;
				DEBUG_INFORMATION_FORMAT = "dwarf-with-dsym";
				ENABLE_NS_ASSERTIONS = NO;
				ENABLE_STRICT_OBJC_MSGSEND = YES;
				GCC_C_LANGUAGE_STANDARD = gnu99;
				GCC_NO_COMMON_BLOCKS = YES;
				GCC_WARN_64_TO_32_BIT_CONVERSION = YES;
				GCC_WARN_ABOUT_RETURN_TYPE = YES_ERROR;
				GCC_WARN_UNDECLARED_SELECTOR = YES;
				GCC_WARN_UNINITIALIZED_AUTOS = YES_AGGRESSIVE;
				GCC_WARN_UNUSED_FUNCTION = YES;
				GCC_WARN_UNUSED_VARIABLE = YES;
				IPHONEOS_DEPLOYMENT_TARGET = 10.2;
				MTL_ENABLE_DEBUG_INFO = NO;
				SDKROOT = iphoneos;
				TARGETED_DEVICE_FAMILY = "1,2";
				VALIDATE_PRODUCT = YES;
			};
			name = Release;
		};
		2A6B9E131E692FCE00D62D10 /* Debug */ = {
			isa = XCBuildConfiguration;
			buildSettings = {
				ASSETCATALOG_COMPILER_APPICON_NAME = AppIcon;
				DEVELOPMENT_TEAM = K85X9AAEPA;
				INFOPLIST_FILE = BLExtension/Info.plist;
				LD_RUNPATH_SEARCH_PATHS = "$(inherited) @executable_path/Frameworks";
				PRODUCT_BUNDLE_IDENTIFIER = com.bluelich.BLExtension;
				PRODUCT_NAME = "$(TARGET_NAME)";
			};
			name = Debug;
		};
		2A6B9E141E692FCE00D62D10 /* Release */ = {
			isa = XCBuildConfiguration;
			buildSettings = {
				ASSETCATALOG_COMPILER_APPICON_NAME = AppIcon;
				DEVELOPMENT_TEAM = K85X9AAEPA;
				INFOPLIST_FILE = BLExtension/Info.plist;
				LD_RUNPATH_SEARCH_PATHS = "$(inherited) @executable_path/Frameworks";
				PRODUCT_BUNDLE_IDENTIFIER = com.bluelich.BLExtension;
				PRODUCT_NAME = "$(TARGET_NAME)";
			};
			name = Release;
		};
/* End XCBuildConfiguration section */

/* Begin XCConfigurationList section */
		2A6B9DF61E692FCE00D62D10 /* Build configuration list for PBXProject "BLExtension" */ = {
			isa = XCConfigurationList;
			buildConfigurations = (
				2A6B9E101E692FCE00D62D10 /* Debug */,
				2A6B9E111E692FCE00D62D10 /* Release */,
			);
			defaultConfigurationIsVisible = 0;
			defaultConfigurationName = Release;
		};
		2A6B9E121E692FCE00D62D10 /* Build configuration list for PBXNativeTarget "BLExtension" */ = {
			isa = XCConfigurationList;
			buildConfigurations = (
				2A6B9E131E692FCE00D62D10 /* Debug */,
				2A6B9E141E692FCE00D62D10 /* Release */,
			);
			defaultConfigurationIsVisible = 0;
		};
/* End XCConfigurationList section */
	};
	rootObject = 2A6B9DF31E692FCE00D62D10 /* Project object */;
}
